
Microsoft Visual Studio Solution File, Format Version 12.00
# Visual Studio 15
VisualStudioVersion = 15.0.26124.0
MinimumVisualStudioVersion = 15.0.26124.0
Project("{FAE04EC0-301F-11D3-BF4B-00C04F79EFBC}") = "DevopsWorld", "DevopsWorld.Client\DevopsWorld.csproj", "{C2E5125E-B9BF-428F-868C-F4480DDF5A80}"
EndProject
Global
	GlobalSection(SolutionConfigurationPlatforms) = preSolution
		Debug|Any CPU = Debug|Any CPU
		Debug|x64 = Debug|x64
		Debug|x86 = Debug|x86
		Release|Any CPU = Release|Any CPU
		Release|x64 = Release|x64
		Release|x86 = Release|x86
	EndGlobalSection
	GlobalSection(SolutionProperties) = preSolution
		HideSolutionNode = FALSE
	EndGlobalSection
	GlobalSection(ProjectConfigurationPlatforms) = postSolution
		{6489C11F-2A66-4CC3-8495-9BB097AA7123}.Debug|Any CPU.ActiveCfg = Debug|Any CPU
		{6489C11F-2A66-4CC3-8495-9BB097AA7123}.Debug|Any CPU.Build.0 = Debug|Any CPU
		{6489C11F-2A66-4CC3-8495-9BB097AA7123}.Debug|x64.ActiveCfg = Debug|Any CPU
		{6489C11F-2A66-4CC3-8495-9BB097AA7123}.Debug|x64.Build.0 = Debug|Any CPU
		{6489C11F-2A66-4CC3-8495-9BB097AA7123}.Debug|x86.ActiveCfg = Debug|Any CPU
		{6489C11F-2A66-4CC3-8495-9BB097AA7123}.Debug|x86.Build.0 = Debug|Any CPU
		{6489C11F-2A66-4CC3-8495-9BB097AA7123}.Release|Any CPU.ActiveCfg = Release|Any CPU
		{6489C11F-2A66-4CC3-8495-9BB097AA7123}.Release|Any CPU.Build.0 = Release|Any CPU
		{6489C11F-2A66-4CC3-8495-9BB097AA7123}.Release|x64.ActiveCfg = Release|Any CPU
		{6489C11F-2A66-4CC3-8495-9BB097AA7123}.Release|x64.Build.0 = Release|Any CPU
		{6489C11F-2A66-4CC3-8495-9BB097AA7123}.Release|x86.ActiveCfg = Release|Any CPU
		{6489C11F-2A66-4CC3-8495-9BB097AA7123}.Release|x86.Build.0 = Release|Any CPU
		{C2E5125E-B9BF-428F-868C-F4480DDF5A80}.Debug|Any CPU.ActiveCfg = Debug|Any CPU
		{C2E5125E-B9BF-428F-868C-F4480DDF5A80}.Debug|Any CPU.Build.0 = Debug|Any CPU
		{C2E5125E-B9BF-428F-868C-F4480DDF5A80}.Debug|x64.ActiveCfg = Debug|Any CPU
		{C2E5125E-B9BF-428F-868C-F4480DDF5A80}.Debug|x64.Build.0 = Debug|Any CPU
		{C2E5125E-B9BF-428F-868C-F4480DDF5A80}.Debug|x86.ActiveCfg = Debug|Any CPU
		{C2E5125E-B9BF-428F-868C-F4480DDF5A80}.Debug|x86.Build.0 = Debug|Any CPU
		{C2E5125E-B9BF-428F-868C-F4480DDF5A80}.Release|Any CPU.ActiveCfg = Release|Any CPU
		{C2E5125E-B9BF-428F-868C-F4480DDF5A80}.Release|Any CPU.Build.0 = Release|Any CPU
		{C2E5125E-B9BF-428F-868C-F4480DDF5A80}.Release|x64.ActiveCfg = Release|Any CPU
		{C2E5125E-B9BF-428F-868C-F4480DDF5A80}.Release|x64.Build.0 = Release|Any CPU
		{C2E5125E-B9BF-428F-868C-F4480DDF5A80}.Release|x86.ActiveCfg = Release|Any CPU
		{C2E5125E-B9BF-428F-868C-F4480DDF5A80}.Release|x86.Build.0 = Release|Any CPU
	EndGlobalSection
EndGlobal
